
Microsoft Visual Studio Solution File, Format Version 11.00
# Visual Studio 2010
Project("{FAE04EC0-301F-11D3-BF4B-00C04F79EFBC}") = "GrabTheScreen", "GrabTheScreen\GrabTheScreen.csproj", "{2CC75E65-702D-44EE-874C-D45A1A716E57}"
EndProject
Global
	GlobalSection(SolutionConfigurationPlatforms) = preSolution
		Debug|Any CPU = Debug|Any CPU
		Release|Any CPU = Release|Any CPU
	EndGlobalSection
	GlobalSection(ProjectConfigurationPlatforms) = postSolution
		{2CC75E65-702D-44EE-874C-D45A1A716E57}.Debug|Any CPU.ActiveCfg = Debug|Any CPU
		{2CC75E65-702D-44EE-874C-D45A1A716E57}.Debug|Any CPU.Build.0 = Debug|Any CPU
		{2CC75E65-702D-44EE-874C-D45A1A716E57}.Release|Any CPU.ActiveCfg = Release|Any CPU
		{2CC75E65-702D-44EE-874C-D45A1A716E57}.Release|Any CPU.Build.0 = Release|Any CPU
	EndGlobalSection
	GlobalSection(SolutionProperties) = preSolution
		HideSolutionNode = FALSE
	EndGlobalSection
EndGlobal
